
Microsoft Visual Studio Solution File, Format Version 12.00
# Visual Studio Version 16
VisualStudioVersion = 16.0.30717.126
MinimumVisualStudioVersion = 10.0.40219.1
Project("{FAE04EC0-301F-11D3-BF4B-00C04F79EFBC}") = "StaticSiteGenerator", "StaticSiteGenerator.csproj", "{43D2C9D4-2D47-40DA-BC8C-F6136A9A0245}"
EndProject
Global
	GlobalSection(SolutionConfigurationPlatforms) = preSolution
		Debug|Any CPU = Debug|Any CPU
		Release|Any CPU = Release|Any CPU
	EndGlobalSection
	GlobalSection(ProjectConfigurationPlatforms) = postSolution
		{43D2C9D4-2D47-40DA-BC8C-F6136A9A0245}.Debug|Any CPU.ActiveCfg = Debug|Any CPU
		{43D2C9D4-2D47-40DA-BC8C-F6136A9A0245}.Debug|Any CPU.Build.0 = Debug|Any CPU
		{43D2C9D4-2D47-40DA-BC8C-F6136A9A0245}.Release|Any CPU.ActiveCfg = Release|Any CPU
		{43D2C9D4-2D47-40DA-BC8C-F6136A9A0245}.Release|Any CPU.Build.0 = Release|Any CPU
	EndGlobalSection
	GlobalSection(SolutionProperties) = preSolution
		HideSolutionNode = FALSE
	EndGlobalSection
	GlobalSection(ExtensibilityGlobals) = postSolution
		SolutionGuid = {F5F86A07-0D88-4209-9A7C-0E05E91ECD53}
	EndGlobalSection
EndGlobal
